// !$*UTF8*$!
{
	archiveVersion = 1;
	classes = {
	};
	objectVersion = 46;
	objects = {

/* Begin PBXBuildFile section */
		FB2110941D23759300EBD0EF /* main.m in Sources */ = {isa = PBXBuildFile; fileRef = FB2110931D23759300EBD0EF /* main.m */; };
		FB2110971D23759400EBD0EF /* AppDelegate.m in Sources */ = {isa = PBXBuildFile; fileRef = FB2110961D23759400EBD0EF /* AppDelegate.m */; };
		FB21109A1D23759400EBD0EF /* ViewController.m in Sources */ = {isa = PBXBuildFile; fileRef = FB2110991D23759400EBD0EF /* ViewController.m */; };
		FB21109D1D23759400EBD0EF /* Main.storyboard in Resources */ = {isa = PBXBuildFile; fileRef = FB21109B1D23759400EBD0EF /* Main.storyboard */; };
		FB21109F1D23759400EBD0EF /* Assets.xcassets in Resources */ = {isa = PBXBuildFile; fileRef = FB21109E1D23759400EBD0EF /* Assets.xcassets */; };
		FB2110A21D23759400EBD0EF /* LaunchScreen.storyboard in Resources */ = {isa = PBXBuildFile; fileRef = FB2110A01D23759400EBD0EF /* LaunchScreen.storyboard */; };
		FB2110D61D23A08C00EBD0EF /* YPCommonView.m in Sources */ = {isa = PBXBuildFile; fileRef = FB2110D51D23A08C00EBD0EF /* YPCommonView.m */; };
/* End PBXBuildFile section */

/* Begin PBXFileReference section */
		FB21108F1D23759300EBD0EF /* PrjA.app */ = {isa = PBXFileReference; explicitFileType = wrapper.application; includeInIndex = 0; path = PrjA.app; sourceTree = BUILT_PRODUCTS_DIR; };
		FB2110931D23759300EBD0EF /* main.m */ = {isa = PBXFileReference; lastKnownFileType = sourcecode.c.objc; path = main.m; sourceTree = "<group>"; };
		FB2110951D23759400EBD0EF /* AppDelegate.h */ = {isa = PBXFileReference; lastKnownFileType = sourcecode.c.h; path = AppDelegate.h; sourceTree = "<group>"; };
		FB2110961D23759400EBD0EF /* AppDelegate.m */ = {isa = PBXFileReference; lastKnownFileType = sourcecode.c.objc; path = AppDelegate.m; sourceTree = "<group>"; };
		FB2110981D23759400EBD0EF /* ViewController.h */ = {isa = PBXFileReference; lastKnownFileType = sourcecode.c.h; path = ViewController.h; sourceTree = "<group>"; };
		FB2110991D23759400EBD0EF /* ViewController.m */ = {isa = PBXFileReference; lastKnownFileType = sourcecode.c.objc; path = ViewController.m; sourceTree = "<group>"; };
		FB21109C1D23759400EBD0EF /* Base */ = {isa = PBXFileReference; lastKnownFileType = file.storyboard; name = Base; path = Base.lproj/Main.storyboard; sourceTree = "<group>"; };
		FB21109E1D23759400EBD0EF /* Assets.xcassets */ = {isa = PBXFileReference; lastKnownFileType = folder.assetcatalog; path = Assets.xcassets; sourceTree = "<group>"; };
		FB2110A11D23759400EBD0EF /* Base */ = {isa = PBXFileReference; lastKnownFileType = file.storyboard; name = Base; path = Base.lproj/LaunchScreen.storyboard; sourceTree = "<group>"; };
		FB2110A31D23759400EBD0EF /* Info.plist */ = {isa = PBXFileReference; lastKnownFileType = text.plist.xml; path = Info.plist; sourceTree = "<group>"; };
		FB2110D41D23A08C00EBD0EF /* YPCommonView.h */ = {isa = PBXFileReference; fileEncoding = 4; lastKnownFileType = sourcecode.c.h; name = YPCommonView.h; path = subm/YPCommonView.h; sourceTree = "<group>"; };
		FB2110D51D23A08C00EBD0EF /* YPCommonView.m */ = {isa = PBXFileReference; fileEncoding = 4; lastKnownFileType = sourcecode.c.objc; name = YPCommonView.m; path = subm/YPCommonView.m; sourceTree = "<group>"; };
/* End PBXFileReference section */

/* Begin PBXFrameworksBuildPhase section */
		FB21108C1D23759300EBD0EF /* Frameworks */ = {
			isa = PBXFrameworksBuildPhase;
			buildActionMask = 2147483647;
			files = (
			);
			runOnlyForDeploymentPostprocessing = 0;
		};
/* End PBXFrameworksBuildPhase section */

/* Begin PBXGroup section */
		FB2110861D23759300EBD0EF = {
			isa = PBXGroup;
			children = (
				FB2110CC1D23782C00EBD0EF /* subm */,
				FB2110911D23759300EBD0EF /* PrjA */,
				FB2110901D23759300EBD0EF /* Products */,
			);
			sourceTree = "<group>";
		};
		FB2110901D23759300EBD0EF /* Products */ = {
			isa = PBXGroup;
			children = (
				FB21108F1D23759300EBD0EF /* PrjA.app */,
			);
			name = Products;
			sourceTree = "<group>";
		};
		FB2110911D23759300EBD0EF /* PrjA */ = {
			isa = PBXGroup;
			children = (
				FB2110951D23759400EBD0EF /* AppDelegate.h */,
				FB2110961D23759400EBD0EF /* AppDelegate.m */,
				FB2110981D23759400EBD0EF /* ViewController.h */,
				FB2110991D23759400EBD0EF /* ViewController.m */,
				FB21109B1D23759400EBD0EF /* Main.storyboard */,
				FB21109E1D23759400EBD0EF /* Assets.xcassets */,
				FB2110A01D23759400EBD0EF /* LaunchScreen.storyboard */,
				FB2110A31D23759400EBD0EF /* Info.plist */,
				FB2110921D23759300EBD0EF /* Supporting Files */,
			);
			path = PrjA;
			sourceTree = "<group>";
		};
		FB2110921D23759300EBD0EF /* Supporting Files */ = {
			isa = PBXGroup;
			children = (
				FB2110931D23759300EBD0EF /* main.m */,
			);
			name = "Supporting Files";
			sourceTree = "<group>";
		};
		FB2110CC1D23782C00EBD0EF /* subm */ = {
			isa = PBXGroup;
			children = (
				FB2110D41D23A08C00EBD0EF /* YPCommonView.h */,
				FB2110D51D23A08C00EBD0EF /* YPCommonView.m */,
			);
			name = subm;
			sourceTree = "<group>";
		};
/* End PBXGroup section */

/* Begin PBXNativeTarget section */
		FB21108E1D23759300EBD0EF /* PrjA */ = {
			isa = PBXNativeTarget;
			buildConfigurationList = FB2110A61D23759400EBD0EF /* Build configuration list for PBXNativeTarget "PrjA" */;
			buildPhases = (
				FB21108B1D23759300EBD0EF /* Sources */,
				FB21108C1D23759300EBD0EF /* Frameworks */,
				FB21108D1D23759300EBD0EF /* Resources */,
			);
			buildRules = (
			);
			dependencies = (
			);
			name = PrjA;
			productName = PrjA;
			productReference = FB21108F1D23759300EBD0EF /* PrjA.app */;
			productType = "com.apple.product-type.application";
		};
/* End PBXNativeTarget section */

/* Begin PBXProject section */
		FB2110871D23759300EBD0EF /* Project object */ = {
			isa = PBXProject;
			attributes = {
				LastUpgradeCheck = 0730;
				ORGANIZATIONNAME = haodf;
				TargetAttributes = {
					FB21108E1D23759300EBD0EF = {
						CreatedOnToolsVersion = 7.3.1;
					};
				};
			};
			buildConfigurationList = FB21108A1D23759300EBD0EF /* Build configuration list for PBXProject "PrjA" */;
			compatibilityVersion = "Xcode 3.2";
			developmentRegion = English;
			hasScannedForEncodings = 0;
			knownRegions = (
				en,
				Base,
			);
			mainGroup = FB2110861D23759300EBD0EF;
			productRefGroup = FB2110901D23759300EBD0EF /* Products */;
			projectDirPath = "";
			projectRoot = "";
			targets = (
				FB21108E1D23759300EBD0EF /* PrjA */,
			);
		};
/* End PBXProject section */

/* Begin PBXResourcesBuildPhase section */
		FB21108D1D23759300EBD0EF /* Resources */ = {
			isa = PBXResourcesBuildPhase;
			buildActionMask = 2147483647;
			files = (
				FB2110A21D23759400EBD0EF /* LaunchScreen.storyboard in Resources */,
				FB21109F1D23759400EBD0EF /* Assets.xcassets in Resources */,
				FB21109D1D23759400EBD0EF /* Main.storyboard in Resources */,
			);
			runOnlyForDeploymentPostprocessing = 0;
		};
/* End PBXResourcesBuildPhase section */

/* Begin PBXSourcesBuildPhase section */
		FB21108B1D23759300EBD0EF /* Sources */ = {
			isa = PBXSourcesBuildPhase;
			buildActionMask = 2147483647;
			files = (
				FB21109A1D23759400EBD0EF /* ViewController.m in Sources */,
				FB2110971D23759400EBD0EF /* AppDelegate.m in Sources */,
				FB2110D61D23A08C00EBD0EF /* YPCommonView.m in Sources */,
				FB2110941D23759300EBD0EF /* main.m in Sources */,
			);
			runOnlyForDeploymentPostprocessing = 0;
		};
/* End PBXSourcesBuildPhase section */

/* Begin PBXVariantGroup section */
		FB21109B1D23759400EBD0EF /* Main.storyboard */ = {
			isa = PBXVariantGroup;
			children = (
				FB21109C1D23759400EBD0EF /* Base */,
			);
			name = Main.storyboard;
			sourceTree = "<group>";
		};
		FB2110A01D23759400EBD0EF /* LaunchScreen.storyboard */ = {
			isa = PBXVariantGroup;
			children = (
				FB2110A11D23759400EBD0EF /* Base */,
			);
			name = LaunchScreen.storyboard;
			sourceTree = "<group>";
		};
/* End PBXVariantGroup section */

/* Begin XCBuildConfiguration section */
		FB2110A41D23759400EBD0EF /* Debug */ = {
			isa = XCBuildConfiguration;
			buildSettings = {
				ALWAYS_SEARCH_USER_PATHS = NO;
				CLANG_ANALYZER_NONNULL = YES;
				CLANG_CXX_LANGUAGE_STANDARD = "gnu++0x";
				CLANG_CXX_LIBRARY = "libc++";
				CLANG_ENABLE_MODULES = YES;
				CLANG_ENABLE_OBJC_ARC = YES;
				CLANG_WARN_BOOL_CONVERSION = YES;
				CLANG_WARN_CONSTANT_CONVERSION = YES;
				CLANG_WARN_DIRECT_OBJC_ISA_USAGE = YES_ERROR;
				CLANG_WARN_EMPTY_BODY = YES;
				CLANG_WARN_ENUM_CONVERSION = YES;
				CLANG_WARN_INT_CONVERSION = YES;
				CLANG_WARN_OBJC_ROOT_CLASS = YES_ERROR;
				CLANG_WARN_UNREACHABLE_CODE = YES;
				CLANG_WARN__DUPLICATE_METHOD_MATCH = YES;
				"CODE_SIGN_IDENTITY[sdk=iphoneos*]" = "iPhone Developer";
				COPY_PHASE_STRIP = NO;
				DEBUG_INFORMATION_FORMAT = dwarf;
				ENABLE_STRICT_OBJC_MSGSEND = YES;
				ENABLE_TESTABILITY = YES;
				GCC_C_LANGUAGE_STANDARD = gnu99;
				GCC_DYNAMIC_NO_PIC = NO;
				GCC_NO_COMMON_BLOCKS = YES;
				GCC_OPTIMIZATION_LEVEL = 0;
				GCC_PREPROCESSOR_DEFINITIONS = (
					"DEBUG=1",
					"$(inherited)",
				);
				GCC_WARN_64_TO_32_BIT_CONVERSION = YES;
				GCC_WARN_ABOUT_RETURN_TYPE = YES_ERROR;
				GCC_WARN_UNDECLARED_SELECTOR = YES;
				GCC_WARN_UNINITIALIZED_AUTOS = YES_AGGRESSIVE;
				GCC_WARN_UNUSED_FUNCTION = YES;
				GCC_WARN_UNUSED_VARIABLE = YES;
				IPHONEOS_DEPLOYMENT_TARGET = 9.3;
				MTL_ENABLE_DEBUG_INFO = YES;
				ONLY_ACTIVE_ARCH = YES;
				SDKROOT = iphoneos;
			};
			name = Debug;
		};
		FB2110A51D23759400EBD0EF /* Release */ = {
			isa = XCBuildConfiguration;
			buildSettings = {
				ALWAYS_SEARCH_USER_PATHS = NO;
				CLANG_ANALYZER_NONNULL = YES;
				CLANG_CXX_LANGUAGE_STANDARD = "gnu++0x";
				CLANG_CXX_LIBRARY = "libc++";
				CLANG_ENABLE_MODULES = YES;
				CLANG_ENABLE_OBJC_ARC = YES;
				CLANG_WARN_BOOL_CONVERSION = YES;
				CLANG_WARN_CONSTANT_CONVERSION = YES;
				CLANG_WARN_DIRECT_OBJC_ISA_USAGE = YES_ERROR;
				CLANG_WARN_EMPTY_BODY = YES;
				CLANG_WARN_ENUM_CONVERSION = YES;
				CLANG_WARN_INT_CONVERSION = YES;
				CLANG_WARN_OBJC_ROOT_CLASS = YES_ERROR;
				CLANG_WARN_UNREACHABLE_CODE = YES;
				CLANG_WARN__DUPLICATE_METHOD_MATCH = YES;
				"CODE_SIGN_IDENTITY[sdk=iphoneos*]" = "iPhone Developer";
				COPY_PHASE_STRIP = NO;
				DEBUG_INFORMATION_FORMAT = "dwarf-with-dsym";
				ENABLE_NS_ASSERTIONS = NO;
				ENABLE_STRICT_OBJC_MSGSEND = YES;
				GCC_C_LANGUAGE_STANDARD = gnu99;
				GCC_NO_COMMON_BLOCKS = YES;
				GCC_WARN_64_TO_32_BIT_CONVERSION = YES;
				GCC_WARN_ABOUT_RETURN_TYPE = YES_ERROR;
				GCC_WARN_UNDECLARED_SELECTOR = YES;
				GCC_WARN_UNINITIALIZED_AUTOS = YES_AGGRESSIVE;
				GCC_WARN_UNUSED_FUNCTION = YES;
				GCC_WARN_UNUSED_VARIABLE = YES;
				IPHONEOS_DEPLOYMENT_TARGET = 9.3;
				MTL_ENABLE_DEBUG_INFO = NO;
				SDKROOT = iphoneos;
				VALIDATE_PRODUCT = YES;
			};
			name = Release;
		};
		FB2110A71D23759400EBD0EF /* Debug */ = {
			isa = XCBuildConfiguration;
			buildSettings = {
				ASSETCATALOG_COMPILER_APPICON_NAME = AppIcon;
				INFOPLIST_FILE = PrjA/Info.plist;
				LD_RUNPATH_SEARCH_PATHS = "$(inherited) @executable_path/Frameworks";
				PRODUCT_BUNDLE_IDENTIFIER = com.haodf.PrjA;
				PRODUCT_NAME = "$(TARGET_NAME)";
			};
			name = Debug;
		};
		FB2110A81D23759400EBD0EF /* Release */ = {
			isa = XCBuildConfiguration;
			buildSettings = {
				ASSETCATALOG_COMPILER_APPICON_NAME = AppIcon;
				INFOPLIST_FILE = PrjA/Info.plist;
				LD_RUNPATH_SEARCH_PATHS = "$(inherited) @executable_path/Frameworks";
				PRODUCT_BUNDLE_IDENTIFIER = com.haodf.PrjA;
				PRODUCT_NAME = "$(TARGET_NAME)";
			};
			name = Release;
		};
/* End XCBuildConfiguration section */

/* Begin XCConfigurationList section */
		FB21108A1D23759300EBD0EF /* Build configuration list for PBXProject "PrjA" */ = {
			isa = XCConfigurationList;
			buildConfigurations = (
				FB2110A41D23759400EBD0EF /* Debug */,
				FB2110A51D23759400EBD0EF /* Release */,
			);
			defaultConfigurationIsVisible = 0;
			defaultConfigurationName = Release;
		};
		FB2110A61D23759400EBD0EF /* Build configuration list for PBXNativeTarget "PrjA" */ = {
			isa = XCConfigurationList;
			buildConfigurations = (
				FB2110A71D23759400EBD0EF /* Debug */,
				FB2110A81D23759400EBD0EF /* Release */,
			);
			defaultConfigurationIsVisible = 0;
			defaultConfigurationName = Release;
		};
/* End XCConfigurationList section */
	};
	rootObject = FB2110871D23759300EBD0EF /* Project object */;
}
